
Microsoft Visual Studio Solution File, Format Version 12.00
Project("{FAE04EC0-301F-11D3-BF4B-00C04F79EFBC}") = "YouTube", "YouTube\YouTube.csproj", "{20FDC499-D0D0-47D6-90DD-EEC19D5DEB1B}"
EndProject
Project("{FAE04EC0-301F-11D3-BF4B-00C04F79EFBC}") = "YouTubeTests", "YouTubeTests\YouTubeTests.csproj", "{0B1326FC-AC52-4FFA-B077-6C2B33576F4B}"
EndProject
Global
	GlobalSection(SolutionConfigurationPlatforms) = preSolution
		Debug|Any CPU = Debug|Any CPU
		Release|Any CPU = Release|Any CPU
	EndGlobalSection
	GlobalSection(ProjectConfigurationPlatforms) = postSolution
		{20FDC499-D0D0-47D6-90DD-EEC19D5DEB1B}.Debug|Any CPU.ActiveCfg = Debug|Any CPU
		{20FDC499-D0D0-47D6-90DD-EEC19D5DEB1B}.Debug|Any CPU.Build.0 = Debug|Any CPU
		{20FDC499-D0D0-47D6-90DD-EEC19D5DEB1B}.Release|Any CPU.ActiveCfg = Release|Any CPU
		{20FDC499-D0D0-47D6-90DD-EEC19D5DEB1B}.Release|Any CPU.Build.0 = Release|Any CPU
		{0B1326FC-AC52-4FFA-B077-6C2B33576F4B}.Debug|Any CPU.ActiveCfg = Debug|Any CPU
		{0B1326FC-AC52-4FFA-B077-6C2B33576F4B}.Debug|Any CPU.Build.0 = Debug|Any CPU
		{0B1326FC-AC52-4FFA-B077-6C2B33576F4B}.Release|Any CPU.ActiveCfg = Release|Any CPU
		{0B1326FC-AC52-4FFA-B077-6C2B33576F4B}.Release|Any CPU.Build.0 = Release|Any CPU
	EndGlobalSection
EndGlobal
